
Microsoft Visual Studio Solution File, Format Version 12.00
# Visual Studio 14
VisualStudioVersion = 14.0.25420.1
MinimumVisualStudioVersion = 10.0.40219.1
Project("{FAE04EC0-301F-11D3-BF4B-00C04F79EFBC}") = "SharpNET.Utilities", "SharpNET.Utilities\SharpNET.Utilities.csproj", "{A4DCD5C5-0D5A-430C-BC6B-B1001015791F}"
EndProject
Project("{FAE04EC0-301F-11D3-BF4B-00C04F79EFBC}") = "SharpNET.Utilities.Web", "SharpNET.Utilities.Web\SharpNET.Utilities.Web.csproj", "{898CF253-8E2B-464A-8727-C73257BC78BC}"
EndProject
Project("{8BB2217D-0F2D-49D1-97BC-3654ED321F3B}") = "SharpNET.Core.EF", "SharpNET.Core.EF\SharpNET.Core.EF.xproj", "{5E31CC72-7085-4A54-B7FA-92270C5C5C80}"
EndProject
Project("{FAE04EC0-301F-11D3-BF4B-00C04F79EFBC}") = "SharpNET.Utilities.SimpleExcel", "SharpNET.Utilities.SimpleExcel\SharpNET.Utilities.SimpleExcel.csproj", "{B4CA96D5-5529-43FE-81FD-106D7CAE42F3}"
EndProject
Project("{FAE04EC0-301F-11D3-BF4B-00C04F79EFBC}") = "SharpNET.Utilities.Test", "Test\SharpNET.Utilities.Test\SharpNET.Utilities.Test.csproj", "{091731A8-3AAD-45AC-8F8D-5B8A22FBA98C}"
EndProject
Global
	GlobalSection(SolutionConfigurationPlatforms) = preSolution
		Debug|Any CPU = Debug|Any CPU
		Release|Any CPU = Release|Any CPU
	EndGlobalSection
	GlobalSection(ProjectConfigurationPlatforms) = postSolution
		{A4DCD5C5-0D5A-430C-BC6B-B1001015791F}.Debug|Any CPU.ActiveCfg = Debug|Any CPU
		{A4DCD5C5-0D5A-430C-BC6B-B1001015791F}.Debug|Any CPU.Build.0 = Debug|Any CPU
		{A4DCD5C5-0D5A-430C-BC6B-B1001015791F}.Release|Any CPU.ActiveCfg = Release|Any CPU
		{A4DCD5C5-0D5A-430C-BC6B-B1001015791F}.Release|Any CPU.Build.0 = Release|Any CPU
		{898CF253-8E2B-464A-8727-C73257BC78BC}.Debug|Any CPU.ActiveCfg = Debug|Any CPU
		{898CF253-8E2B-464A-8727-C73257BC78BC}.Debug|Any CPU.Build.0 = Debug|Any CPU
		{898CF253-8E2B-464A-8727-C73257BC78BC}.Release|Any CPU.ActiveCfg = Release|Any CPU
		{898CF253-8E2B-464A-8727-C73257BC78BC}.Release|Any CPU.Build.0 = Release|Any CPU
		{5E31CC72-7085-4A54-B7FA-92270C5C5C80}.Debug|Any CPU.ActiveCfg = Debug|Any CPU
		{5E31CC72-7085-4A54-B7FA-92270C5C5C80}.Debug|Any CPU.Build.0 = Debug|Any CPU
		{5E31CC72-7085-4A54-B7FA-92270C5C5C80}.Release|Any CPU.ActiveCfg = Release|Any CPU
		{5E31CC72-7085-4A54-B7FA-92270C5C5C80}.Release|Any CPU.Build.0 = Release|Any CPU
		{B4CA96D5-5529-43FE-81FD-106D7CAE42F3}.Debug|Any CPU.ActiveCfg = Debug|Any CPU
		{B4CA96D5-5529-43FE-81FD-106D7CAE42F3}.Debug|Any CPU.Build.0 = Debug|Any CPU
		{B4CA96D5-5529-43FE-81FD-106D7CAE42F3}.Release|Any CPU.ActiveCfg = Release|Any CPU
		{B4CA96D5-5529-43FE-81FD-106D7CAE42F3}.Release|Any CPU.Build.0 = Release|Any CPU
		{091731A8-3AAD-45AC-8F8D-5B8A22FBA98C}.Debug|Any CPU.ActiveCfg = Debug|Any CPU
		{091731A8-3AAD-45AC-8F8D-5B8A22FBA98C}.Debug|Any CPU.Build.0 = Debug|Any CPU
		{091731A8-3AAD-45AC-8F8D-5B8A22FBA98C}.Release|Any CPU.ActiveCfg = Release|Any CPU
		{091731A8-3AAD-45AC-8F8D-5B8A22FBA98C}.Release|Any CPU.Build.0 = Release|Any CPU
	EndGlobalSection
	GlobalSection(SolutionProperties) = preSolution
		HideSolutionNode = FALSE
	EndGlobalSection
EndGlobal
